
Microsoft Visual Studio Solution File, Format Version 12.00
# Visual Studio Version 17
VisualStudioVersion = 17.0.32112.339
MinimumVisualStudioVersion = 10.0.40219.1
Project("{FAE04EC0-301F-11D3-BF4B-00C04F79EFBC}") = "Archer'sRoute", "Archer'sRoute\Archer'sRoute.csproj", "{41A4EF64-79E6-4B7C-B74D-BCD6288B1AD8}"
EndProject
Project("{FAE04EC0-301F-11D3-BF4B-00C04F79EFBC}") = "ClassLibrary", "ClassLibrary\ClassLibrary.csproj", "{1AF8FAB3-151E-485F-BA8B-48ACA47CE60C}"
EndProject
Global
	GlobalSection(SolutionConfigurationPlatforms) = preSolution
		Debug|Any CPU = Debug|Any CPU
		Release|Any CPU = Release|Any CPU
	EndGlobalSection
	GlobalSection(ProjectConfigurationPlatforms) = postSolution
		{41A4EF64-79E6-4B7C-B74D-BCD6288B1AD8}.Debug|Any CPU.ActiveCfg = Debug|Any CPU
		{41A4EF64-79E6-4B7C-B74D-BCD6288B1AD8}.Debug|Any CPU.Build.0 = Debug|Any CPU
		{41A4EF64-79E6-4B7C-B74D-BCD6288B1AD8}.Release|Any CPU.ActiveCfg = Release|Any CPU
		{41A4EF64-79E6-4B7C-B74D-BCD6288B1AD8}.Release|Any CPU.Build.0 = Release|Any CPU
		{1AF8FAB3-151E-485F-BA8B-48ACA47CE60C}.Debug|Any CPU.ActiveCfg = Debug|Any CPU
		{1AF8FAB3-151E-485F-BA8B-48ACA47CE60C}.Debug|Any CPU.Build.0 = Debug|Any CPU
		{1AF8FAB3-151E-485F-BA8B-48ACA47CE60C}.Release|Any CPU.ActiveCfg = Release|Any CPU
		{1AF8FAB3-151E-485F-BA8B-48ACA47CE60C}.Release|Any CPU.Build.0 = Release|Any CPU
	EndGlobalSection
	GlobalSection(SolutionProperties) = preSolution
		HideSolutionNode = FALSE
	EndGlobalSection
	GlobalSection(ExtensibilityGlobals) = postSolution
		SolutionGuid = {4EFB8982-F7DF-455E-BD78-27C59CD1DDBB}
	EndGlobalSection
EndGlobal
